<?xml version="1.0" encoding="utf-8"?>
<Project ToolsVersion="4.0" xmlns="http://schemas.microsoft.com/developer/msbuild/2003">
  <ItemGroup>
    <ClCompile Include="..\game.cpp" />
    <ClCompile Include="AttackRange.cpp" />
    <ClCompile Include="EventHeroMoved.cpp" />
    <ClCompile Include="EventMonsterHit.cpp" />
    <ClCompile Include="EventPlayerHit.cpp" />
    <ClCompile Include="Hero.cpp" />
    <ClCompile Include="Map.cpp" />
    <ClCompile Include="Relationship.cpp" />
    <ClCompile Include="Space.cpp" />
    <ClCompile Include="Stairs.cpp" />
    <ClCompile Include="Wall.cpp" />
    <ClCompile Include="Hunger.cpp" />
    <ClCompile Include="Monster.cpp" />
    <ClCompile Include="StateChase.cpp" />
    <ClCompile Include="StateSearch.cpp" />
    <ClCompile Include="StateWander.cpp" />
    <ClCompile Include="EventStairs.cpp" />
    <ClCompile Include="Food.cpp" />
    <ClCompile Include="EventFoodFound.cpp" />
    <ClCompile Include="EventBigFood.cpp" />
    <ClCompile Include="FloorNum.cpp" />
    <ClCompile Include="EventDeleteInstance.cpp" />
  </ItemGroup>
  <ItemGroup>
    <ClInclude Include="AttackRange.h" />
    <ClInclude Include="EventHeroMoved.h" />
    <ClInclude Include="EventMonsterHit.h" />
    <ClInclude Include="EventPlayerHit.h" />
    <ClInclude Include="game.h" />
    <ClInclude Include="Hero.h" />
    <ClInclude Include="Map.h" />
    <ClInclude Include="Relationship.h" />
    <ClInclude Include="Space.h" />
    <ClInclude Include="Stairs.h" />
    <ClInclude Include="Wall.h" />
    <ClInclude Include="Hunger.h" />
    <ClInclude Include="Monster.h" />
    <ClInclude Include="StateChase.h" />
    <ClInclude Include="StateSearch.h" />
    <ClInclude Include="StateWander.h" />
    <ClInclude Include="EventStairs.h" />
    <ClInclude Include="Food.h" />
    <ClInclude Include="EventFoodFound.h" />
    <ClInclude Include="EventBigFood.h" />
    <ClInclude Include="FloorNum.h" />
    <ClInclude Include="EventDeleteInstance.h" />
  </ItemGroup>
</Project>